
Microsoft Visual Studio Solution File, Format Version 12.00
# Visual Studio 15
VisualStudioVersion = 15.0.28307.757
MinimumVisualStudioVersion = 10.0.40219.1
Project("{FAE04EC0-301F-11D3-BF4B-00C04F79EFBC}") = "Senai.OPFlix.WebApi", "Senai.OPFlix.WebApi\Senai.OPFlix.WebApi.csproj", "{C5F719B7-6276-4B57-B9EF-B54FD3D13613}"
EndProject
Global
	GlobalSection(SolutionConfigurationPlatforms) = preSolution
		Debug|Any CPU = Debug|Any CPU
		Release|Any CPU = Release|Any CPU
	EndGlobalSection
	GlobalSection(ProjectConfigurationPlatforms) = postSolution
		{C5F719B7-6276-4B57-B9EF-B54FD3D13613}.Debug|Any CPU.ActiveCfg = Debug|Any CPU
		{C5F719B7-6276-4B57-B9EF-B54FD3D13613}.Debug|Any CPU.Build.0 = Debug|Any CPU
		{C5F719B7-6276-4B57-B9EF-B54FD3D13613}.Release|Any CPU.ActiveCfg = Release|Any CPU
		{C5F719B7-6276-4B57-B9EF-B54FD3D13613}.Release|Any CPU.Build.0 = Release|Any CPU
	EndGlobalSection
	GlobalSection(SolutionProperties) = preSolution
		HideSolutionNode = FALSE
	EndGlobalSection
	GlobalSection(ExtensibilityGlobals) = postSolution
		SolutionGuid = {3098FA9C-48E0-4A5D-B986-8F8B46CC7662}
	EndGlobalSection
EndGlobal
